<?xml version="1.0" encoding="utf-8"?>
<Project ToolsVersion="4.0" xmlns="http://schemas.microsoft.com/developer/msbuild/2003">
  <ItemGroup>
    <Filter Include="G.O.D">
      <UniqueIdentifier>{0bfdc06c-8390-4001-b7b7-2df0e69e7d83}</UniqueIdentifier>
    </Filter>
  </ItemGroup>
  <ItemGroup>
    <Text Include="ReadMe.txt" />
  </ItemGroup>
  <ItemGroup>
    <ClInclude Include="Job.h">
      <Filter>G.O.D</Filter>
    </ClInclude>
    <ClInclude Include="JobDispatcher.h">
      <Filter>G.O.D</Filter>
    </ClInclude>
    <ClInclude Include="ObjectPool.h">
      <Filter>G.O.D</Filter>
    </ClInclude>
    <ClInclude Include="Timer.h">
      <Filter>G.O.D</Filter>
    </ClInclude>
    <ClInclude Include="STLAllocator.h">
      <Filter>G.O.D</Filter>
    </ClInclude>
    <ClInclude Include="ThreadLocal.h">
      <Filter>G.O.D</Filter>
    </ClInclude>
    <ClInclude Include="Runnable.h">
      <Filter>G.O.D</Filter>
    </ClInclude>
    <ClInclude Include="stdafx.h" />
    <ClInclude Include="targetver.h" />
    <ClInclude Include="DispatcherTest.h" />
    <ClInclude Include="JobQueue.h">
      <Filter>G.O.D</Filter>
    </ClInclude>
    <ClInclude Include="AsyncExecutable.h">
      <Filter>G.O.D</Filter>
    </ClInclude>
  </ItemGroup>
  <ItemGroup>
    <ClCompile Include="Timer.cpp">
      <Filter>G.O.D</Filter>
    </ClCompile>
    <ClCompile Include="ThreadLocal.cpp">
      <Filter>G.O.D</Filter>
    </ClCompile>
    <ClCompile Include="Runnable.cpp">
      <Filter>G.O.D</Filter>
    </ClCompile>
    <ClCompile Include="main.cpp" />
    <ClCompile Include="stdafx.cpp" />
  </ItemGroup>
</Project>